
Microsoft Visual Studio Solution File, Format Version 12.00
# Visual Studio Version 16
VisualStudioVersion = 16.0.31829.152
MinimumVisualStudioVersion = 10.0.40219.1
Project("{FAE04EC0-301F-11D3-BF4B-00C04F79EFBC}") = "Ecommerce", "Ecommerce\Ecommerce.csproj", "{146F4538-4342-49FC-8D51-824C508953C4}"
EndProject
Global
	GlobalSection(SolutionConfigurationPlatforms) = preSolution
		Debug|Any CPU = Debug|Any CPU
		Release|Any CPU = Release|Any CPU
	EndGlobalSection
	GlobalSection(ProjectConfigurationPlatforms) = postSolution
		{146F4538-4342-49FC-8D51-824C508953C4}.Debug|Any CPU.ActiveCfg = Debug|Any CPU
		{146F4538-4342-49FC-8D51-824C508953C4}.Debug|Any CPU.Build.0 = Debug|Any CPU
		{146F4538-4342-49FC-8D51-824C508953C4}.Release|Any CPU.ActiveCfg = Release|Any CPU
		{146F4538-4342-49FC-8D51-824C508953C4}.Release|Any CPU.Build.0 = Release|Any CPU
	EndGlobalSection
	GlobalSection(SolutionProperties) = preSolution
		HideSolutionNode = FALSE
	EndGlobalSection
	GlobalSection(ExtensibilityGlobals) = postSolution
		SolutionGuid = {BD9A9019-8A0D-4AAC-8706-62116E7EE9EF}
	EndGlobalSection
EndGlobal
